
Microsoft Visual Studio Solution File, Format Version 12.00
# Visual Studio Version 16
VisualStudioVersion = 16.0.30717.126
MinimumVisualStudioVersion = 10.0.40219.1
Project("{FAE04EC0-301F-11D3-BF4B-00C04F79EFBC}") = "TypeWars", "TypeWars\TypeWars.csproj", "{53E5A02F-5D21-4A06-A4C7-F81AA748A105}"
EndProject
Global
	GlobalSection(SolutionConfigurationPlatforms) = preSolution
		Debug|Any CPU = Debug|Any CPU
		Release|Any CPU = Release|Any CPU
	EndGlobalSection
	GlobalSection(ProjectConfigurationPlatforms) = postSolution
		{53E5A02F-5D21-4A06-A4C7-F81AA748A105}.Debug|Any CPU.ActiveCfg = Debug|Any CPU
		{53E5A02F-5D21-4A06-A4C7-F81AA748A105}.Debug|Any CPU.Build.0 = Debug|Any CPU
		{53E5A02F-5D21-4A06-A4C7-F81AA748A105}.Release|Any CPU.ActiveCfg = Release|Any CPU
		{53E5A02F-5D21-4A06-A4C7-F81AA748A105}.Release|Any CPU.Build.0 = Release|Any CPU
	EndGlobalSection
	GlobalSection(SolutionProperties) = preSolution
		HideSolutionNode = FALSE
	EndGlobalSection
	GlobalSection(ExtensibilityGlobals) = postSolution
		SolutionGuid = {81195396-872B-4FAB-A1CD-2E857D9CEBA4}
	EndGlobalSection
EndGlobal
